
Microsoft Visual Studio Solution File, Format Version 12.00
# Visual Studio Version 17
VisualStudioVersion = 17.7.34031.279
MinimumVisualStudioVersion = 10.0.40219.1
Project("{FAE04EC0-301F-11D3-BF4B-00C04F79EFBC}") = "Lab1", "Lab1\Lab1.csproj", "{B23E1291-0CE0-4BD9-9DB2-E75F0B0A0CA6}"
EndProject
Global
	GlobalSection(SolutionConfigurationPlatforms) = preSolution
		Debug|Any CPU = Debug|Any CPU
		Release|Any CPU = Release|Any CPU
	EndGlobalSection
	GlobalSection(ProjectConfigurationPlatforms) = postSolution
		{B23E1291-0CE0-4BD9-9DB2-E75F0B0A0CA6}.Debug|Any CPU.ActiveCfg = Debug|Any CPU
		{B23E1291-0CE0-4BD9-9DB2-E75F0B0A0CA6}.Debug|Any CPU.Build.0 = Debug|Any CPU
		{B23E1291-0CE0-4BD9-9DB2-E75F0B0A0CA6}.Release|Any CPU.ActiveCfg = Release|Any CPU
		{B23E1291-0CE0-4BD9-9DB2-E75F0B0A0CA6}.Release|Any CPU.Build.0 = Release|Any CPU
	EndGlobalSection
	GlobalSection(SolutionProperties) = preSolution
		HideSolutionNode = FALSE
	EndGlobalSection
	GlobalSection(ExtensibilityGlobals) = postSolution
		SolutionGuid = {85AA81F8-CF15-4ADB-9DE0-34A2E7B51DB9}
	EndGlobalSection
EndGlobal
